{
  "pins" : [
    {
      "identity" : "flowstacks",
      "kind" : "remoteSourceControl",
      "location" : "https://github.com/johnpatrickmorgan/FlowStacks.git",
      "state" : {
        "revision" : "a2b974b81612e1e8ee3ecd757d936a2919527356",
        "version" : "0.4.1"
      }
    }
  ],
  "version" : 2
}
